{
  "name": "plugin-i",
  "version": "1.0.0",
  "lockfileVersion": 3,
  "requires": true,
  "packages": {
    "": {
      "name": "plugin-i",
      "version": "1.0.0",
      "dependencies": {
        "@lambda-solutions/sheriff-ui": "file:./plugins/sheriff-ui",
        "@lambda-solutions/sheriff-watch": "file:./plugins/sheriff-watch",
        "mberger-junit-sheriff": "file:./plugins/mberger-junit-sheriff"
      },
      "devDependencies": {
        "typescript": "5.9.3"
      }
    },
    "node_modules/@lambda-solutions/sheriff-ui": {
      "resolved": "plugins/sheriff-ui",
      "link": true
    },
    "node_modules/@lambda-solutions/sheriff-watch": {
      "resolved": "plugins/sheriff-watch",
      "link": true
    },
    "node_modules/mberger-junit-sheriff": {
      "resolved": "plugins/mberger-junit-sheriff",
      "link": true
    },
    "node_modules/typescript": {
      "version": "5.9.3",
      "resolved": "https://registry.npmjs.org/typescript/-/typescript-5.9.3.tgz",
      "integrity": "sha512-jl1vZzPDinLr9eUt3J/t7V6FgNEw9QjvBPdysz9KfQDD41fQrC2Y4vKQdiaUpFT4bXlb1RHhLpp8wtm6M5TgSw==",
      "dev": true,
      "license": "Apache-2.0",
      "bin": {
        "tsc": "bin/tsc",
        "tsserver": "bin/tsserver"
      },
      "engines": {
        "node": ">=14.17"
      }
    },
    "plugins/mberger-junit-sheriff": {
      "version": "1.0.0"
    },
    "plugins/sheriff-ui": {
      "name": "@lambda-solutions/sheriff-ui",
      "version": "1.0.0"
    },
    "plugins/sheriff-watch": {
      "name": "@lambda-solutions/sheriff-watch",
      "version": "1.0.0"
    }
  }
}
